// !$*UTF8*$!
{
	archiveVersion = 1;
	classes = {
	};
	objectVersion = 46;
	objects = {

/* Begin PBXBuildFile section */
		7B0F9FC419C448D500538BC0 /* AppDelegate.swift in Sources */ = {isa = PBXBuildFile; fileRef = 7B0F9FC319C448D500538BC0 /* AppDelegate.swift */; };
		7B0F9FC619C448D500538BC0 /* ViewController.swift in Sources */ = {isa = PBXBuildFile; fileRef = 7B0F9FC519C448D500538BC0 /* ViewController.swift */; };
		7B0F9FC919C448D500538BC0 /* Main.storyboard in Resources */ = {isa = PBXBuildFile; fileRef = 7B0F9FC719C448D500538BC0 /* Main.storyboard */; };
		7B0F9FCB19C448D500538BC0 /* Images.xcassets in Resources */ = {isa = PBXBuildFile; fileRef = 7B0F9FCA19C448D500538BC0 /* Images.xcassets */; };
		7B0F9FE719C4490500538BC0 /* CGPointTests.swift in Sources */ = {isa = PBXBuildFile; fileRef = 7B0F9FE319C4490500538BC0 /* CGPointTests.swift */; };
		7B0F9FE819C4490500538BC0 /* CGVectorTests.swift in Sources */ = {isa = PBXBuildFile; fileRef = 7B0F9FE419C4490500538BC0 /* CGVectorTests.swift */; };
		7B0F9FE919C4490500538BC0 /* FloatTests.swift in Sources */ = {isa = PBXBuildFile; fileRef = 7B0F9FE519C4490500538BC0 /* FloatTests.swift */; };
		7B0F9FEA19C4490500538BC0 /* IntTests.swift in Sources */ = {isa = PBXBuildFile; fileRef = 7B0F9FE619C4490500538BC0 /* IntTests.swift */; };
		7B0F9FF819C4496E00538BC0 /* CGFloat+Extensions.swift in Sources */ = {isa = PBXBuildFile; fileRef = 7B0F9FEC19C4496E00538BC0 /* CGFloat+Extensions.swift */; };
		7B0F9FF919C4496E00538BC0 /* CGFloat+Extensions.swift in Sources */ = {isa = PBXBuildFile; fileRef = 7B0F9FEC19C4496E00538BC0 /* CGFloat+Extensions.swift */; };
		7B0F9FFA19C4496E00538BC0 /* CGPoint+Extensions.swift in Sources */ = {isa = PBXBuildFile; fileRef = 7B0F9FED19C4496E00538BC0 /* CGPoint+Extensions.swift */; };
		7B0F9FFB19C4496E00538BC0 /* CGPoint+Extensions.swift in Sources */ = {isa = PBXBuildFile; fileRef = 7B0F9FED19C4496E00538BC0 /* CGPoint+Extensions.swift */; };
		7B0F9FFC19C4496E00538BC0 /* CGVector+Extensions.swift in Sources */ = {isa = PBXBuildFile; fileRef = 7B0F9FEE19C4496E00538BC0 /* CGVector+Extensions.swift */; };
		7B0F9FFD19C4496E00538BC0 /* CGVector+Extensions.swift in Sources */ = {isa = PBXBuildFile; fileRef = 7B0F9FEE19C4496E00538BC0 /* CGVector+Extensions.swift */; };
		7B0F9FFE19C4496E00538BC0 /* Int+Extensions.swift in Sources */ = {isa = PBXBuildFile; fileRef = 7B0F9FEF19C4496E00538BC0 /* Int+Extensions.swift */; };
		7B0F9FFF19C4496E00538BC0 /* Int+Extensions.swift in Sources */ = {isa = PBXBuildFile; fileRef = 7B0F9FEF19C4496E00538BC0 /* Int+Extensions.swift */; };
		7B0FA00019C4496E00538BC0 /* SKAction+Extensions.swift in Sources */ = {isa = PBXBuildFile; fileRef = 7B0F9FF019C4496E00538BC0 /* SKAction+Extensions.swift */; };
		7B0FA00119C4496E00538BC0 /* SKAction+Extensions.swift in Sources */ = {isa = PBXBuildFile; fileRef = 7B0F9FF019C4496E00538BC0 /* SKAction+Extensions.swift */; };
		7B0FA00219C4496E00538BC0 /* SKAction+SpecialEffects.swift in Sources */ = {isa = PBXBuildFile; fileRef = 7B0F9FF119C4496E00538BC0 /* SKAction+SpecialEffects.swift */; };
		7B0FA00319C4496E00538BC0 /* SKAction+SpecialEffects.swift in Sources */ = {isa = PBXBuildFile; fileRef = 7B0F9FF119C4496E00538BC0 /* SKAction+SpecialEffects.swift */; };
		7B0FA00419C4496E00538BC0 /* SKColor+Extensions.swift in Sources */ = {isa = PBXBuildFile; fileRef = 7B0F9FF219C4496E00538BC0 /* SKColor+Extensions.swift */; };
		7B0FA00519C4496E00538BC0 /* SKColor+Extensions.swift in Sources */ = {isa = PBXBuildFile; fileRef = 7B0F9FF219C4496E00538BC0 /* SKColor+Extensions.swift */; };
		7B0FA00619C4496E00538BC0 /* SKNode+Extensions.swift in Sources */ = {isa = PBXBuildFile; fileRef = 7B0F9FF319C4496E00538BC0 /* SKNode+Extensions.swift */; };
		7B0FA00719C4496E00538BC0 /* SKNode+Extensions.swift in Sources */ = {isa = PBXBuildFile; fileRef = 7B0F9FF319C4496E00538BC0 /* SKNode+Extensions.swift */; };
		7B0FA00819C4496E00538BC0 /* SKTAudio.swift in Sources */ = {isa = PBXBuildFile; fileRef = 7B0F9FF419C4496E00538BC0 /* SKTAudio.swift */; };
		7B0FA00919C4496E00538BC0 /* SKTAudio.swift in Sources */ = {isa = PBXBuildFile; fileRef = 7B0F9FF419C4496E00538BC0 /* SKTAudio.swift */; };
		7B0FA00A19C4496E00538BC0 /* SKTEffects.swift in Sources */ = {isa = PBXBuildFile; fileRef = 7B0F9FF519C4496E00538BC0 /* SKTEffects.swift */; };
		7B0FA00B19C4496E00538BC0 /* SKTEffects.swift in Sources */ = {isa = PBXBuildFile; fileRef = 7B0F9FF519C4496E00538BC0 /* SKTEffects.swift */; };
		7B0FA00C19C4496E00538BC0 /* SKTTimingFunctions.swift in Sources */ = {isa = PBXBuildFile; fileRef = 7B0F9FF619C4496E00538BC0 /* SKTTimingFunctions.swift */; };
		7B0FA00D19C4496E00538BC0 /* SKTTimingFunctions.swift in Sources */ = {isa = PBXBuildFile; fileRef = 7B0F9FF619C4496E00538BC0 /* SKTTimingFunctions.swift */; };
		7B0FA00E19C4496E00538BC0 /* Vector3.swift in Sources */ = {isa = PBXBuildFile; fileRef = 7B0F9FF719C4496E00538BC0 /* Vector3.swift */; };
		7B0FA00F19C4496E00538BC0 /* Vector3.swift in Sources */ = {isa = PBXBuildFile; fileRef = 7B0F9FF719C4496E00538BC0 /* Vector3.swift */; };
/* End PBXBuildFile section */

/* Begin PBXContainerItemProxy section */
		7B0F9FD419C448D500538BC0 /* PBXContainerItemProxy */ = {
			isa = PBXContainerItemProxy;
			containerPortal = 7B0F9FB619C448D500538BC0 /* Project object */;
			proxyType = 1;
			remoteGlobalIDString = 7B0F9FBD19C448D500538BC0;
			remoteInfo = SKTUtils;
		};
/* End PBXContainerItemProxy section */

/* Begin PBXFileReference section */
		7B0F9FBE19C448D500538BC0 /* SKTUtils.app */ = {isa = PBXFileReference; explicitFileType = wrapper.application; includeInIndex = 0; path = SKTUtils.app; sourceTree = BUILT_PRODUCTS_DIR; };
		7B0F9FC219C448D500538BC0 /* Info.plist */ = {isa = PBXFileReference; lastKnownFileType = text.plist.xml; path = Info.plist; sourceTree = "<group>"; };
		7B0F9FC319C448D500538BC0 /* AppDelegate.swift */ = {isa = PBXFileReference; lastKnownFileType = sourcecode.swift; path = AppDelegate.swift; sourceTree = "<group>"; };
		7B0F9FC519C448D500538BC0 /* ViewController.swift */ = {isa = PBXFileReference; lastKnownFileType = sourcecode.swift; path = ViewController.swift; sourceTree = "<group>"; };
		7B0F9FC819C448D500538BC0 /* Base */ = {isa = PBXFileReference; lastKnownFileType = file.storyboard; name = Base; path = Base.lproj/Main.storyboard; sourceTree = "<group>"; };
		7B0F9FCA19C448D500538BC0 /* Images.xcassets */ = {isa = PBXFileReference; lastKnownFileType = folder.assetcatalog; path = Images.xcassets; sourceTree = "<group>"; };
		7B0F9FD319C448D500538BC0 /* SKTUtilsTests.xctest */ = {isa = PBXFileReference; explicitFileType = wrapper.cfbundle; includeInIndex = 0; path = SKTUtilsTests.xctest; sourceTree = BUILT_PRODUCTS_DIR; };
		7B0F9FD819C448D500538BC0 /* Info.plist */ = {isa = PBXFileReference; lastKnownFileType = text.plist.xml; path = Info.plist; sourceTree = "<group>"; };
		7B0F9FE319C4490500538BC0 /* CGPointTests.swift */ = {isa = PBXFileReference; fileEncoding = 4; lastKnownFileType = sourcecode.swift; path = CGPointTests.swift; sourceTree = "<group>"; };
		7B0F9FE419C4490500538BC0 /* CGVectorTests.swift */ = {isa = PBXFileReference; fileEncoding = 4; lastKnownFileType = sourcecode.swift; path = CGVectorTests.swift; sourceTree = "<group>"; };
		7B0F9FE519C4490500538BC0 /* FloatTests.swift */ = {isa = PBXFileReference; fileEncoding = 4; lastKnownFileType = sourcecode.swift; path = FloatTests.swift; sourceTree = "<group>"; };
		7B0F9FE619C4490500538BC0 /* IntTests.swift */ = {isa = PBXFileReference; fileEncoding = 4; lastKnownFileType = sourcecode.swift; path = IntTests.swift; sourceTree = "<group>"; };
		7B0F9FEC19C4496E00538BC0 /* CGFloat+Extensions.swift */ = {isa = PBXFileReference; fileEncoding = 4; lastKnownFileType = sourcecode.swift; path = "CGFloat+Extensions.swift"; sourceTree = "<group>"; };
		7B0F9FED19C4496E00538BC0 /* CGPoint+Extensions.swift */ = {isa = PBXFileReference; fileEncoding = 4; lastKnownFileType = sourcecode.swift; path = "CGPoint+Extensions.swift"; sourceTree = "<group>"; };
		7B0F9FEE19C4496E00538BC0 /* CGVector+Extensions.swift */ = {isa = PBXFileReference; fileEncoding = 4; lastKnownFileType = sourcecode.swift; path = "CGVector+Extensions.swift"; sourceTree = "<group>"; };
		7B0F9FEF19C4496E00538BC0 /* Int+Extensions.swift */ = {isa = PBXFileReference; fileEncoding = 4; lastKnownFileType = sourcecode.swift; path = "Int+Extensions.swift"; sourceTree = "<group>"; };
		7B0F9FF019C4496E00538BC0 /* SKAction+Extensions.swift */ = {isa = PBXFileReference; fileEncoding = 4; lastKnownFileType = sourcecode.swift; path = "SKAction+Extensions.swift"; sourceTree = "<group>"; };
		7B0F9FF119C4496E00538BC0 /* SKAction+SpecialEffects.swift */ = {isa = PBXFileReference; fileEncoding = 4; lastKnownFileType = sourcecode.swift; path = "SKAction+SpecialEffects.swift"; sourceTree = "<group>"; };
		7B0F9FF219C4496E00538BC0 /* SKColor+Extensions.swift */ = {isa = PBXFileReference; fileEncoding = 4; lastKnownFileType = sourcecode.swift; path = "SKColor+Extensions.swift"; sourceTree = "<group>"; };
		7B0F9FF319C4496E00538BC0 /* SKNode+Extensions.swift */ = {isa = PBXFileReference; fileEncoding = 4; lastKnownFileType = sourcecode.swift; path = "SKNode+Extensions.swift"; sourceTree = "<group>"; };
		7B0F9FF419C4496E00538BC0 /* SKTAudio.swift */ = {isa = PBXFileReference; fileEncoding = 4; lastKnownFileType = sourcecode.swift; path = SKTAudio.swift; sourceTree = "<group>"; };
		7B0F9FF519C4496E00538BC0 /* SKTEffects.swift */ = {isa = PBXFileReference; fileEncoding = 4; lastKnownFileType = sourcecode.swift; path = SKTEffects.swift; sourceTree = "<group>"; };
		7B0F9FF619C4496E00538BC0 /* SKTTimingFunctions.swift */ = {isa = PBXFileReference; fileEncoding = 4; lastKnownFileType = sourcecode.swift; path = SKTTimingFunctions.swift; sourceTree = "<group>"; };
		7B0F9FF719C4496E00538BC0 /* Vector3.swift */ = {isa = PBXFileReference; fileEncoding = 4; lastKnownFileType = sourcecode.swift; path = Vector3.swift; sourceTree = "<group>"; };
/* End PBXFileReference section */

/* Begin PBXFrameworksBuildPhase section */
		7B0F9FBB19C448D500538BC0 /* Frameworks */ = {
			isa = PBXFrameworksBuildPhase;
			buildActionMask = 2147483647;
			files = (
			);
			runOnlyForDeploymentPostprocessing = 0;
		};
		7B0F9FD019C448D500538BC0 /* Frameworks */ = {
			isa = PBXFrameworksBuildPhase;
			buildActionMask = 2147483647;
			files = (
			);
			runOnlyForDeploymentPostprocessing = 0;
		};
/* End PBXFrameworksBuildPhase section */

/* Begin PBXGroup section */
		7B0F9FB519C448D500538BC0 = {
			isa = PBXGroup;
			children = (
				7B0F9FC019C448D500538BC0 /* App */,
				7B0F9FEB19C4496E00538BC0 /* SKTUtils */,
				7B0F9FD619C448D500538BC0 /* SKTUtilsTests */,
				7B0F9FBF19C448D500538BC0 /* Products */,
			);
			sourceTree = "<group>";
		};
		7B0F9FBF19C448D500538BC0 /* Products */ = {
			isa = PBXGroup;
			children = (
				7B0F9FBE19C448D500538BC0 /* SKTUtils.app */,
				7B0F9FD319C448D500538BC0 /* SKTUtilsTests.xctest */,
			);
			name = Products;
			sourceTree = "<group>";
		};
		7B0F9FC019C448D500538BC0 /* App */ = {
			isa = PBXGroup;
			children = (
				7B0F9FC319C448D500538BC0 /* AppDelegate.swift */,
				7B0F9FC519C448D500538BC0 /* ViewController.swift */,
				7B0F9FC719C448D500538BC0 /* Main.storyboard */,
				7B0F9FCA19C448D500538BC0 /* Images.xcassets */,
				7B0F9FC119C448D500538BC0 /* Supporting Files */,
			);
			name = App;
			path = SKTUtils;
			sourceTree = "<group>";
		};
		7B0F9FC119C448D500538BC0 /* Supporting Files */ = {
			isa = PBXGroup;
			children = (
				7B0F9FC219C448D500538BC0 /* Info.plist */,
			);
			name = "Supporting Files";
			sourceTree = "<group>";
		};
		7B0F9FD619C448D500538BC0 /* SKTUtilsTests */ = {
			isa = PBXGroup;
			children = (
				7B0F9FE319C4490500538BC0 /* CGPointTests.swift */,
				7B0F9FE419C4490500538BC0 /* CGVectorTests.swift */,
				7B0F9FE519C4490500538BC0 /* FloatTests.swift */,
				7B0F9FE619C4490500538BC0 /* IntTests.swift */,
				7B0F9FD719C448D500538BC0 /* Supporting Files */,
			);
			path = SKTUtilsTests;
			sourceTree = "<group>";
		};
		7B0F9FD719C448D500538BC0 /* Supporting Files */ = {
			isa = PBXGroup;
			children = (
				7B0F9FD819C448D500538BC0 /* Info.plist */,
			);
			name = "Supporting Files";
			sourceTree = "<group>";
		};
		7B0F9FEB19C4496E00538BC0 /* SKTUtils */ = {
			isa = PBXGroup;
			children = (
				7B0F9FEC19C4496E00538BC0 /* CGFloat+Extensions.swift */,
				7B0F9FED19C4496E00538BC0 /* CGPoint+Extensions.swift */,
				7B0F9FEE19C4496E00538BC0 /* CGVector+Extensions.swift */,
				7B0F9FEF19C4496E00538BC0 /* Int+Extensions.swift */,
				7B0F9FF019C4496E00538BC0 /* SKAction+Extensions.swift */,
				7B0F9FF119C4496E00538BC0 /* SKAction+SpecialEffects.swift */,
				7B0F9FF219C4496E00538BC0 /* SKColor+Extensions.swift */,
				7B0F9FF319C4496E00538BC0 /* SKNode+Extensions.swift */,
				7B0F9FF419C4496E00538BC0 /* SKTAudio.swift */,
				7B0F9FF519C4496E00538BC0 /* SKTEffects.swift */,
				7B0F9FF619C4496E00538BC0 /* SKTTimingFunctions.swift */,
				7B0F9FF719C4496E00538BC0 /* Vector3.swift */,
			);
			name = SKTUtils;
			path = ../../SKTUtils;
			sourceTree = "<group>";
		};
/* End PBXGroup section */

/* Begin PBXNativeTarget section */
		7B0F9FBD19C448D500538BC0 /* SKTUtils */ = {
			isa = PBXNativeTarget;
			buildConfigurationList = 7B0F9FDD19C448D500538BC0 /* Build configuration list for PBXNativeTarget "SKTUtils" */;
			buildPhases = (
				7B0F9FBA19C448D500538BC0 /* Sources */,
				7B0F9FBB19C448D500538BC0 /* Frameworks */,
				7B0F9FBC19C448D500538BC0 /* Resources */,
			);
			buildRules = (
			);
			dependencies = (
			);
			name = SKTUtils;
			productName = SKTUtils;
			productReference = 7B0F9FBE19C448D500538BC0 /* SKTUtils.app */;
			productType = "com.apple.product-type.application";
		};
		7B0F9FD219C448D500538BC0 /* SKTUtilsTests */ = {
			isa = PBXNativeTarget;
			buildConfigurationList = 7B0F9FE019C448D500538BC0 /* Build configuration list for PBXNativeTarget "SKTUtilsTests" */;
			buildPhases = (
				7B0F9FCF19C448D500538BC0 /* Sources */,
				7B0F9FD019C448D500538BC0 /* Frameworks */,
				7B0F9FD119C448D500538BC0 /* Resources */,
			);
			buildRules = (
			);
			dependencies = (
				7B0F9FD519C448D500538BC0 /* PBXTargetDependency */,
			);
			name = SKTUtilsTests;
			productName = SKTUtilsTests;
			productReference = 7B0F9FD319C448D500538BC0 /* SKTUtilsTests.xctest */;
			productType = "com.apple.product-type.bundle.unit-test";
		};
/* End PBXNativeTarget section */

/* Begin PBXProject section */
		7B0F9FB619C448D500538BC0 /* Project object */ = {
			isa = PBXProject;
			attributes = {
				LastUpgradeCheck = 0600;
				ORGANIZATIONNAME = Razeware;
				TargetAttributes = {
					7B0F9FBD19C448D500538BC0 = {
						CreatedOnToolsVersion = 6.0;
					};
					7B0F9FD219C448D500538BC0 = {
						CreatedOnToolsVersion = 6.0;
						TestTargetID = 7B0F9FBD19C448D500538BC0;
					};
				};
			};
			buildConfigurationList = 7B0F9FB919C448D500538BC0 /* Build configuration list for PBXProject "SKTUtils" */;
			compatibilityVersion = "Xcode 3.2";
			developmentRegion = English;
			hasScannedForEncodings = 0;
			knownRegions = (
				en,
				Base,
			);
			mainGroup = 7B0F9FB519C448D500538BC0;
			productRefGroup = 7B0F9FBF19C448D500538BC0 /* Products */;
			projectDirPath = "";
			projectRoot = "";
			targets = (
				7B0F9FBD19C448D500538BC0 /* SKTUtils */,
				7B0F9FD219C448D500538BC0 /* SKTUtilsTests */,
			);
		};
/* End PBXProject section */

/* Begin PBXResourcesBuildPhase section */
		7B0F9FBC19C448D500538BC0 /* Resources */ = {
			isa = PBXResourcesBuildPhase;
			buildActionMask = 2147483647;
			files = (
				7B0F9FC919C448D500538BC0 /* Main.storyboard in Resources */,
				7B0F9FCB19C448D500538BC0 /* Images.xcassets in Resources */,
			);
			runOnlyForDeploymentPostprocessing = 0;
		};
		7B0F9FD119C448D500538BC0 /* Resources */ = {
			isa = PBXResourcesBuildPhase;
			buildActionMask = 2147483647;
			files = (
			);
			runOnlyForDeploymentPostprocessing = 0;
		};
/* End PBXResourcesBuildPhase section */

/* Begin PBXSourcesBuildPhase section */
		7B0F9FBA19C448D500538BC0 /* Sources */ = {
			isa = PBXSourcesBuildPhase;
			buildActionMask = 2147483647;
			files = (
				7B0FA00219C4496E00538BC0 /* SKAction+SpecialEffects.swift in Sources */,
				7B0FA00A19C4496E00538BC0 /* SKTEffects.swift in Sources */,
				7B0F9FFC19C4496E00538BC0 /* CGVector+Extensions.swift in Sources */,
				7B0F9FC619C448D500538BC0 /* ViewController.swift in Sources */,
				7B0FA00019C4496E00538BC0 /* SKAction+Extensions.swift in Sources */,
				7B0FA00419C4496E00538BC0 /* SKColor+Extensions.swift in Sources */,
				7B0FA00E19C4496E00538BC0 /* Vector3.swift in Sources */,
				7B0FA00819C4496E00538BC0 /* SKTAudio.swift in Sources */,
				7B0F9FF819C4496E00538BC0 /* CGFloat+Extensions.swift in Sources */,
				7B0F9FFE19C4496E00538BC0 /* Int+Extensions.swift in Sources */,
				7B0FA00C19C4496E00538BC0 /* SKTTimingFunctions.swift in Sources */,
				7B0FA00619C4496E00538BC0 /* SKNode+Extensions.swift in Sources */,
				7B0F9FFA19C4496E00538BC0 /* CGPoint+Extensions.swift in Sources */,
				7B0F9FC419C448D500538BC0 /* AppDelegate.swift in Sources */,
			);
			runOnlyForDeploymentPostprocessing = 0;
		};
		7B0F9FCF19C448D500538BC0 /* Sources */ = {
			isa = PBXSourcesBuildPhase;
			buildActionMask = 2147483647;
			files = (
				7B0FA00519C4496E00538BC0 /* SKColor+Extensions.swift in Sources */,
				7B0FA00D19C4496E00538BC0 /* SKTTimingFunctions.swift in Sources */,
				7B0FA00119C4496E00538BC0 /* SKAction+Extensions.swift in Sources */,
				7B0F9FEA19C4490500538BC0 /* IntTests.swift in Sources */,
				7B0F9FFD19C4496E00538BC0 /* CGVector+Extensions.swift in Sources */,
				7B0FA00919C4496E00538BC0 /* SKTAudio.swift in Sources */,
				7B0F9FF919C4496E00538BC0 /* CGFloat+Extensions.swift in Sources */,
				7B0FA00719C4496E00538BC0 /* SKNode+Extensions.swift in Sources */,
				7B0FA00B19C4496E00538BC0 /* SKTEffects.swift in Sources */,
				7B0F9FE919C4490500538BC0 /* FloatTests.swift in Sources */,
				7B0F9FE719C4490500538BC0 /* CGPointTests.swift in Sources */,
				7B0F9FFF19C4496E00538BC0 /* Int+Extensions.swift in Sources */,
				7B0F9FFB19C4496E00538BC0 /* CGPoint+Extensions.swift in Sources */,
				7B0FA00319C4496E00538BC0 /* SKAction+SpecialEffects.swift in Sources */,
				7B0FA00F19C4496E00538BC0 /* Vector3.swift in Sources */,
				7B0F9FE819C4490500538BC0 /* CGVectorTests.swift in Sources */,
			);
			runOnlyForDeploymentPostprocessing = 0;
		};
/* End PBXSourcesBuildPhase section */

/* Begin PBXTargetDependency section */
		7B0F9FD519C448D500538BC0 /* PBXTargetDependency */ = {
			isa = PBXTargetDependency;
			target = 7B0F9FBD19C448D500538BC0 /* SKTUtils */;
			targetProxy = 7B0F9FD419C448D500538BC0 /* PBXContainerItemProxy */;
		};
/* End PBXTargetDependency section */

/* Begin PBXVariantGroup section */
		7B0F9FC719C448D500538BC0 /* Main.storyboard */ = {
			isa = PBXVariantGroup;
			children = (
				7B0F9FC819C448D500538BC0 /* Base */,
			);
			name = Main.storyboard;
			sourceTree = "<group>";
		};
/* End PBXVariantGroup section */

/* Begin XCBuildConfiguration section */
		7B0F9FDB19C448D500538BC0 /* Debug */ = {
			isa = XCBuildConfiguration;
			buildSettings = {
				ALWAYS_SEARCH_USER_PATHS = NO;
				CLANG_CXX_LANGUAGE_STANDARD = "gnu++0x";
				CLANG_CXX_LIBRARY = "libc++";
				CLANG_ENABLE_MODULES = YES;
				CLANG_ENABLE_OBJC_ARC = YES;
				CLANG_WARN_BOOL_CONVERSION = YES;
				CLANG_WARN_CONSTANT_CONVERSION = YES;
				CLANG_WARN_DIRECT_OBJC_ISA_USAGE = YES_ERROR;
				CLANG_WARN_EMPTY_BODY = YES;
				CLANG_WARN_ENUM_CONVERSION = YES;
				CLANG_WARN_INT_CONVERSION = YES;
				CLANG_WARN_OBJC_ROOT_CLASS = YES_ERROR;
				CLANG_WARN_UNREACHABLE_CODE = YES;
				CLANG_WARN__DUPLICATE_METHOD_MATCH = YES;
				"CODE_SIGN_IDENTITY[sdk=iphoneos*]" = "iPhone Developer";
				COPY_PHASE_STRIP = NO;
				ENABLE_STRICT_OBJC_MSGSEND = YES;
				GCC_C_LANGUAGE_STANDARD = gnu99;
				GCC_DYNAMIC_NO_PIC = NO;
				GCC_OPTIMIZATION_LEVEL = 0;
				GCC_PREPROCESSOR_DEFINITIONS = (
					"DEBUG=1",
					"$(inherited)",
				);
				GCC_SYMBOLS_PRIVATE_EXTERN = NO;
				GCC_WARN_64_TO_32_BIT_CONVERSION = YES;
				GCC_WARN_ABOUT_RETURN_TYPE = YES_ERROR;
				GCC_WARN_UNDECLARED_SELECTOR = YES;
				GCC_WARN_UNINITIALIZED_AUTOS = YES_AGGRESSIVE;
				GCC_WARN_UNUSED_FUNCTION = YES;
				GCC_WARN_UNUSED_VARIABLE = YES;
				IPHONEOS_DEPLOYMENT_TARGET = 8.0;
				MTL_ENABLE_DEBUG_INFO = YES;
				ONLY_ACTIVE_ARCH = YES;
				SDKROOT = iphoneos;
				SWIFT_OPTIMIZATION_LEVEL = "-Onone";
				TARGETED_DEVICE_FAMILY = "1,2";
			};
			name = Debug;
		};
		7B0F9FDC19C448D500538BC0 /* Release */ = {
			isa = XCBuildConfiguration;
			buildSettings = {
				ALWAYS_SEARCH_USER_PATHS = NO;
				CLANG_CXX_LANGUAGE_STANDARD = "gnu++0x";
				CLANG_CXX_LIBRARY = "libc++";
				CLANG_ENABLE_MODULES = YES;
				CLANG_ENABLE_OBJC_ARC = YES;
				CLANG_WARN_BOOL_CONVERSION = YES;
				CLANG_WARN_CONSTANT_CONVERSION = YES;
				CLANG_WARN_DIRECT_OBJC_ISA_USAGE = YES_ERROR;
				CLANG_WARN_EMPTY_BODY = YES;
				CLANG_WARN_ENUM_CONVERSION = YES;
				CLANG_WARN_INT_CONVERSION = YES;
				CLANG_WARN_OBJC_ROOT_CLASS = YES_ERROR;
				CLANG_WARN_UNREACHABLE_CODE = YES;
				CLANG_WARN__DUPLICATE_METHOD_MATCH = YES;
				"CODE_SIGN_IDENTITY[sdk=iphoneos*]" = "iPhone Developer";
				COPY_PHASE_STRIP = YES;
				ENABLE_NS_ASSERTIONS = NO;
				ENABLE_STRICT_OBJC_MSGSEND = YES;
				GCC_C_LANGUAGE_STANDARD = gnu99;
				GCC_WARN_64_TO_32_BIT_CONVERSION = YES;
				GCC_WARN_ABOUT_RETURN_TYPE = YES_ERROR;
				GCC_WARN_UNDECLARED_SELECTOR = YES;
				GCC_WARN_UNINITIALIZED_AUTOS = YES_AGGRESSIVE;
				GCC_WARN_UNUSED_FUNCTION = YES;
				GCC_WARN_UNUSED_VARIABLE = YES;
				IPHONEOS_DEPLOYMENT_TARGET = 8.0;
				MTL_ENABLE_DEBUG_INFO = NO;
				SDKROOT = iphoneos;
				TARGETED_DEVICE_FAMILY = "1,2";
				VALIDATE_PRODUCT = YES;
			};
			name = Release;
		};
		7B0F9FDE19C448D500538BC0 /* Debug */ = {
			isa = XCBuildConfiguration;
			buildSettings = {
				ASSETCATALOG_COMPILER_APPICON_NAME = AppIcon;
				ASSETCATALOG_COMPILER_LAUNCHIMAGE_NAME = LaunchImage;
				INFOPLIST_FILE = SKTUtils/Info.plist;
				LD_RUNPATH_SEARCH_PATHS = "$(inherited) @executable_path/Frameworks";
				PRODUCT_NAME = "$(TARGET_NAME)";
			};
			name = Debug;
		};
		7B0F9FDF19C448D500538BC0 /* Release */ = {
			isa = XCBuildConfiguration;
			buildSettings = {
				ASSETCATALOG_COMPILER_APPICON_NAME = AppIcon;
				ASSETCATALOG_COMPILER_LAUNCHIMAGE_NAME = LaunchImage;
				INFOPLIST_FILE = SKTUtils/Info.plist;
				LD_RUNPATH_SEARCH_PATHS = "$(inherited) @executable_path/Frameworks";
				PRODUCT_NAME = "$(TARGET_NAME)";
			};
			name = Release;
		};
		7B0F9FE119C448D500538BC0 /* Debug */ = {
			isa = XCBuildConfiguration;
			buildSettings = {
				BUNDLE_LOADER = "$(TEST_HOST)";
				FRAMEWORK_SEARCH_PATHS = (
					"$(SDKROOT)/Developer/Library/Frameworks",
					"$(inherited)",
				);
				GCC_PREPROCESSOR_DEFINITIONS = (
					"DEBUG=1",
					"$(inherited)",
				);
				INFOPLIST_FILE = SKTUtilsTests/Info.plist;
				LD_RUNPATH_SEARCH_PATHS = "$(inherited) @executable_path/Frameworks @loader_path/Frameworks";
				PRODUCT_NAME = "$(TARGET_NAME)";
				TEST_HOST = "$(BUILT_PRODUCTS_DIR)/SKTUtils.app/SKTUtils";
			};
			name = Debug;
		};
		7B0F9FE219C448D500538BC0 /* Release */ = {
			isa = XCBuildConfiguration;
			buildSettings = {
				BUNDLE_LOADER = "$(TEST_HOST)";
				FRAMEWORK_SEARCH_PATHS = (
					"$(SDKROOT)/Developer/Library/Frameworks",
					"$(inherited)",
				);
				INFOPLIST_FILE = SKTUtilsTests/Info.plist;
				LD_RUNPATH_SEARCH_PATHS = "$(inherited) @executable_path/Frameworks @loader_path/Frameworks";
				PRODUCT_NAME = "$(TARGET_NAME)";
				TEST_HOST = "$(BUILT_PRODUCTS_DIR)/SKTUtils.app/SKTUtils";
			};
			name = Release;
		};
/* End XCBuildConfiguration section */

/* Begin XCConfigurationList section */
		7B0F9FB919C448D500538BC0 /* Build configuration list for PBXProject "SKTUtils" */ = {
			isa = XCConfigurationList;
			buildConfigurations = (
				7B0F9FDB19C448D500538BC0 /* Debug */,
				7B0F9FDC19C448D500538BC0 /* Release */,
			);
			defaultConfigurationIsVisible = 0;
			defaultConfigurationName = Release;
		};
		7B0F9FDD19C448D500538BC0 /* Build configuration list for PBXNativeTarget "SKTUtils" */ = {
			isa = XCConfigurationList;
			buildConfigurations = (
				7B0F9FDE19C448D500538BC0 /* Debug */,
				7B0F9FDF19C448D500538BC0 /* Release */,
			);
			defaultConfigurationIsVisible = 0;
			defaultConfigurationName = Release;
		};
		7B0F9FE019C448D500538BC0 /* Build configuration list for PBXNativeTarget "SKTUtilsTests" */ = {
			isa = XCConfigurationList;
			buildConfigurations = (
				7B0F9FE119C448D500538BC0 /* Debug */,
				7B0F9FE219C448D500538BC0 /* Release */,
			);
			defaultConfigurationIsVisible = 0;
			defaultConfigurationName = Release;
		};
/* End XCConfigurationList section */
	};
	rootObject = 7B0F9FB619C448D500538BC0 /* Project object */;
}
